Microsoft Visual Studio Solution File, Format Version 11.00
# Visual Studio 2008

Project("{52950334-D698-1F00-5B29-65562209E611}") = "ItemWindow", "Assembly-CSharp.csproj", "{ED503EE8-AE66-1C77-7455-984947E0AFB1}"
EndProject
Project("{52950334-D698-1F00-5B29-65562209E611}") = "ItemWindow", "Assembly-CSharp-Editor.csproj", "{AD7DE314-6DBC-148A-492D-CCC9A14932E8}"
EndProject
Global
	GlobalSection(SolutionConfigurationPlatforms) = preSolution
		Debug|Any CPU = Debug|Any CPU
		Release|Any CPU = Release|Any CPU
	EndGlobalSection
	GlobalSection(ProjectConfigurationPlatforms) = postSolution
		{ED503EE8-AE66-1C77-7455-984947E0AFB1}.Debug|Any CPU.ActiveCfg = Debug|Any CPU
		{ED503EE8-AE66-1C77-7455-984947E0AFB1}.Debug|Any CPU.Build.0 = Debug|Any CPU
		{ED503EE8-AE66-1C77-7455-984947E0AFB1}.Release|Any CPU.ActiveCfg = Release|Any CPU
		{ED503EE8-AE66-1C77-7455-984947E0AFB1}.Release|Any CPU.Build.0 = Release|Any CPU
		{AD7DE314-6DBC-148A-492D-CCC9A14932E8}.Debug|Any CPU.ActiveCfg = Debug|Any CPU
		{AD7DE314-6DBC-148A-492D-CCC9A14932E8}.Debug|Any CPU.Build.0 = Debug|Any CPU
		{AD7DE314-6DBC-148A-492D-CCC9A14932E8}.Release|Any CPU.ActiveCfg = Release|Any CPU
		{AD7DE314-6DBC-148A-492D-CCC9A14932E8}.Release|Any CPU.Build.0 = Release|Any CPU
	EndGlobalSection
	GlobalSection(SolutionProperties) = preSolution
		HideSolutionNode = FALSE
	EndGlobalSection
							GlobalSection(MonoDevelopProperties) = preSolution
		StartupItem = Assembly-CSharp.csproj
		Policies = $0
		$0.TextStylePolicy = $1
		$1.inheritsSet = null
		$1.scope = text/x-csharp
		$0.CSharpFormattingPolicy = $2
		$2.inheritsSet = Mono
		$2.inheritsScope = text/x-csharp
		$2.scope = text/x-csharp
		$0.TextStylePolicy = $3
		$3.FileWidth = 120
		$3.TabWidth = 4
		$3.EolMarker = Unix
		$3.inheritsSet = Mono
		$3.inheritsScope = text/plain
		$3.scope = text/plain
	EndGlobalSection

EndGlobal
